// !$*UTF8*$!
{
	archiveVersion = 1;
	classes = {
	};
	objectVersion = 50;
	objects = {

/* Begin PBXBuildFile section */
		E4AD73732459696000D72D72 /* SpeedySwift.framework in Frameworks */ = {isa = PBXBuildFile; fileRef = E4AD73692459696000D72D72 /* SpeedySwift.framework */; };
		E4AD73782459696000D72D72 /* SpeedySwiftTests.swift in Sources */ = {isa = PBXBuildFile; fileRef = E4AD73772459696000D72D72 /* SpeedySwiftTests.swift */; };
		E4AD737A2459696000D72D72 /* SpeedySwift.h in Headers */ = {isa = PBXBuildFile; fileRef = E4AD736C2459696000D72D72 /* SpeedySwift.h */; settings = {ATTRIBUTES = (Public, ); }; };
		E4AD739C24596A8B00D72D72 /* SignedNumericExtensions.swift in Sources */ = {isa = PBXBuildFile; fileRef = E4AD738824596A8900D72D72 /* SignedNumericExtensions.swift */; };
		E4AD739D24596A8B00D72D72 /* DoubleExtensions.swift in Sources */ = {isa = PBXBuildFile; fileRef = E4AD738924596A8900D72D72 /* DoubleExtensions.swift */; };
		E4AD739E24596A8B00D72D72 /* CollectionExtensions.swift in Sources */ = {isa = PBXBuildFile; fileRef = E4AD738A24596A8900D72D72 /* CollectionExtensions.swift */; };
		E4AD739F24596A8B00D72D72 /* BidirectionalCollectionExtensions.swift in Sources */ = {isa = PBXBuildFile; fileRef = E4AD738B24596A8900D72D72 /* BidirectionalCollectionExtensions.swift */; };
		E4AD73A024596A8B00D72D72 /* FloatingPointExtensions.swift in Sources */ = {isa = PBXBuildFile; fileRef = E4AD738C24596A8900D72D72 /* FloatingPointExtensions.swift */; };
		E4AD73A124596A8B00D72D72 /* SignedIntegerExtensions.swift in Sources */ = {isa = PBXBuildFile; fileRef = E4AD738D24596A8900D72D72 /* SignedIntegerExtensions.swift */; };
		E4AD73A224596A8B00D72D72 /* DictionaryExtensions.swift in Sources */ = {isa = PBXBuildFile; fileRef = E4AD738E24596A8900D72D72 /* DictionaryExtensions.swift */; };
		E4AD73A324596A8B00D72D72 /* RandomAccessCollectionExtensions.swift in Sources */ = {isa = PBXBuildFile; fileRef = E4AD738F24596A8A00D72D72 /* RandomAccessCollectionExtensions.swift */; };
		E4AD73A424596A8B00D72D72 /* CharacterExtensions.swift in Sources */ = {isa = PBXBuildFile; fileRef = E4AD739024596A8A00D72D72 /* CharacterExtensions.swift */; };
		E4AD73A524596A8B00D72D72 /* BoolExtensions.swift in Sources */ = {isa = PBXBuildFile; fileRef = E4AD739124596A8A00D72D72 /* BoolExtensions.swift */; };
		E4AD73A624596A8B00D72D72 /* BinaryFloatingPointExtensions.swift in Sources */ = {isa = PBXBuildFile; fileRef = E4AD739224596A8A00D72D72 /* BinaryFloatingPointExtensions.swift */; };
		E4AD73A724596A8B00D72D72 /* ComparableExtensions.swift in Sources */ = {isa = PBXBuildFile; fileRef = E4AD739324596A8A00D72D72 /* ComparableExtensions.swift */; };
		E4AD73A824596A8B00D72D72 /* SequenceExtensions.swift in Sources */ = {isa = PBXBuildFile; fileRef = E4AD739424596A8A00D72D72 /* SequenceExtensions.swift */; };
		E4AD73A924596A8B00D72D72 /* StringProtocolExtensions.swift in Sources */ = {isa = PBXBuildFile; fileRef = E4AD739524596A8A00D72D72 /* StringProtocolExtensions.swift */; };
		E4AD73AA24596A8B00D72D72 /* ArrayExtensions.swift in Sources */ = {isa = PBXBuildFile; fileRef = E4AD739624596A8A00D72D72 /* ArrayExtensions.swift */; };
		E4AD73AB24596A8B00D72D72 /* FloatExtensions.swift in Sources */ = {isa = PBXBuildFile; fileRef = E4AD739724596A8A00D72D72 /* FloatExtensions.swift */; };
		E4AD73AC24596A8B00D72D72 /* RangeReplaceableCollectionExtensions.swift in Sources */ = {isa = PBXBuildFile; fileRef = E4AD739824596A8A00D72D72 /* RangeReplaceableCollectionExtensions.swift */; };
		E4AD73AD24596A8B00D72D72 /* IntExtensions.swift in Sources */ = {isa = PBXBuildFile; fileRef = E4AD739924596A8A00D72D72 /* IntExtensions.swift */; };
		E4AD73AE24596A8B00D72D72 /* OptionalExtensions.swift in Sources */ = {isa = PBXBuildFile; fileRef = E4AD739A24596A8A00D72D72 /* OptionalExtensions.swift */; };
		E4AD73AF24596A8B00D72D72 /* StringExtensions.swift in Sources */ = {isa = PBXBuildFile; fileRef = E4AD739B24596A8B00D72D72 /* StringExtensions.swift */; };
		E4AD73CE24596A9900D72D72 /* UIImageViewExtensions.swift in Sources */ = {isa = PBXBuildFile; fileRef = E4AD73B024596A9700D72D72 /* UIImageViewExtensions.swift */; };
		E4AD73CF24596A9900D72D72 /* UITextFieldExtensions.swift in Sources */ = {isa = PBXBuildFile; fileRef = E4AD73B124596A9700D72D72 /* UITextFieldExtensions.swift */; };
		E4AD73D024596A9900D72D72 /* UISegmentedControlExtensions.swift in Sources */ = {isa = PBXBuildFile; fileRef = E4AD73B224596A9700D72D72 /* UISegmentedControlExtensions.swift */; };
		E4AD73D124596A9900D72D72 /* UIBarButtonItemExtensions.swift in Sources */ = {isa = PBXBuildFile; fileRef = E4AD73B324596A9700D72D72 /* UIBarButtonItemExtensions.swift */; };
		E4AD73D224596A9900D72D72 /* UISliderExtensions.swift in Sources */ = {isa = PBXBuildFile; fileRef = E4AD73B424596A9700D72D72 /* UISliderExtensions.swift */; };
		E4AD73D324596A9900D72D72 /* UIRefreshControlExtensions.swift in Sources */ = {isa = PBXBuildFile; fileRef = E4AD73B524596A9700D72D72 /* UIRefreshControlExtensions.swift */; };
		E4AD73D424596A9900D72D72 /* UINavigationItemExtensions.swift in Sources */ = {isa = PBXBuildFile; fileRef = E4AD73B624596A9700D72D72 /* UINavigationItemExtensions.swift */; };
		E4AD73D524596A9900D72D72 /* UIEdgeInsetsExtensions.swift in Sources */ = {isa = PBXBuildFile; fileRef = E4AD73B724596A9700D72D72 /* UIEdgeInsetsExtensions.swift */; };
		E4AD73D624596A9900D72D72 /* UILayoutPriorityExtensions.swift in Sources */ = {isa = PBXBuildFile; fileRef = E4AD73B824596A9700D72D72 /* UILayoutPriorityExtensions.swift */; };
		E4AD73D724596A9900D72D72 /* UINavigationControllerExtensions.swift in Sources */ = {isa = PBXBuildFile; fileRef = E4AD73B924596A9700D72D72 /* UINavigationControllerExtensions.swift */; };
		E4AD73D824596A9900D72D72 /* UIButtonExtensions.swift in Sources */ = {isa = PBXBuildFile; fileRef = E4AD73BA24596A9700D72D72 /* UIButtonExtensions.swift */; };
		E4AD73D924596A9900D72D72 /* UITableViewExtensions.swift in Sources */ = {isa = PBXBuildFile; fileRef = E4AD73BB24596A9700D72D72 /* UITableViewExtensions.swift */; };
		E4AD73DA24596A9900D72D72 /* UIViewControllerExtensions.swift in Sources */ = {isa = PBXBuildFile; fileRef = E4AD73BC24596A9700D72D72 /* UIViewControllerExtensions.swift */; };
		E4AD73DB24596A9900D72D72 /* UISwitchExtensions.swift in Sources */ = {isa = PBXBuildFile; fileRef = E4AD73BD24596A9700D72D72 /* UISwitchExtensions.swift */; };
		E4AD73DC24596A9900D72D72 /* UILabelExtensions.swift in Sources */ = {isa = PBXBuildFile; fileRef = E4AD73BE24596A9800D72D72 /* UILabelExtensions.swift */; };
		E4AD73DD24596A9900D72D72 /* UIGestureRecognizerExtensions.swift in Sources */ = {isa = PBXBuildFile; fileRef = E4AD73BF24596A9800D72D72 /* UIGestureRecognizerExtensions.swift */; };
		E4AD73DE24596A9900D72D72 /* UIStoryboardExtensions.swift in Sources */ = {isa = PBXBuildFile; fileRef = E4AD73C024596A9800D72D72 /* UIStoryboardExtensions.swift */; };
		E4AD73DF24596A9900D72D72 /* UIFontExtensions.swift in Sources */ = {isa = PBXBuildFile; fileRef = E4AD73C124596A9800D72D72 /* UIFontExtensions.swift */; };
		E4AD73E024596A9900D72D72 /* UITextViewExtensions.swift in Sources */ = {isa = PBXBuildFile; fileRef = E4AD73C224596A9800D72D72 /* UITextViewExtensions.swift */; };
		E4AD73E124596A9900D72D72 /* UISearchBarExtensions.swift in Sources */ = {isa = PBXBuildFile; fileRef = E4AD73C324596A9800D72D72 /* UISearchBarExtensions.swift */; };
		E4AD73E224596A9900D72D72 /* UIImageExtensions.swift in Sources */ = {isa = PBXBuildFile; fileRef = E4AD73C424596A9800D72D72 /* UIImageExtensions.swift */; };
		E4AD73E324596A9900D72D72 /* UIScrollViewExtensions.swift in Sources */ = {isa = PBXBuildFile; fileRef = E4AD73C524596A9800D72D72 /* UIScrollViewExtensions.swift */; };
		E4AD73E424596A9900D72D72 /* UIAlertControllerExtensions.swift in Sources */ = {isa = PBXBuildFile; fileRef = E4AD73C624596A9800D72D72 /* UIAlertControllerExtensions.swift */; };
		E4AD73E524596A9900D72D72 /* UICollectionViewExtensions.swift in Sources */ = {isa = PBXBuildFile; fileRef = E4AD73C724596A9800D72D72 /* UICollectionViewExtensions.swift */; };
		E4AD73E624596A9900D72D72 /* UIWindowExtensions.swift in Sources */ = {isa = PBXBuildFile; fileRef = E4AD73C824596A9800D72D72 /* UIWindowExtensions.swift */; };
		E4AD73E724596A9900D72D72 /* UITabBarExtensions.swift in Sources */ = {isa = PBXBuildFile; fileRef = E4AD73C924596A9800D72D72 /* UITabBarExtensions.swift */; };
		E4AD73E824596A9900D72D72 /* UIStackViewExtensions.swift in Sources */ = {isa = PBXBuildFile; fileRef = E4AD73CA24596A9800D72D72 /* UIStackViewExtensions.swift */; };
		E4AD73E924596A9900D72D72 /* UIViewExtensions.swift in Sources */ = {isa = PBXBuildFile; fileRef = E4AD73CB24596A9800D72D72 /* UIViewExtensions.swift */; };
		E4AD73EA24596A9900D72D72 /* UIDatePickerExtensions.swift in Sources */ = {isa = PBXBuildFile; fileRef = E4AD73CC24596A9800D72D72 /* UIDatePickerExtensions.swift */; };
		E4AD73EB24596A9900D72D72 /* UINavigationBarExtensions.swift in Sources */ = {isa = PBXBuildFile; fileRef = E4AD73CD24596A9900D72D72 /* UINavigationBarExtensions.swift */; };
		E4AD73F624596AA500D72D72 /* LocaleExtensions.swift in Sources */ = {isa = PBXBuildFile; fileRef = E4AD73EC24596AA500D72D72 /* LocaleExtensions.swift */; };
		E4AD73F724596AA500D72D72 /* DataExtensions.swift in Sources */ = {isa = PBXBuildFile; fileRef = E4AD73ED24596AA500D72D72 /* DataExtensions.swift */; };
		E4AD73F824596AA500D72D72 /* URLRequestExtensions.swift in Sources */ = {isa = PBXBuildFile; fileRef = E4AD73EE24596AA500D72D72 /* URLRequestExtensions.swift */; };
		E4AD73F924596AA500D72D72 /* NSPredicateExtensions.swift in Sources */ = {isa = PBXBuildFile; fileRef = E4AD73EF24596AA500D72D72 /* NSPredicateExtensions.swift */; };
		E4AD73FA24596AA500D72D72 /* URLExtensions.swift in Sources */ = {isa = PBXBuildFile; fileRef = E4AD73F024596AA500D72D72 /* URLExtensions.swift */; };
		E4AD73FB24596AA500D72D72 /* UserDefaultsExtensions.swift in Sources */ = {isa = PBXBuildFile; fileRef = E4AD73F124596AA500D72D72 /* UserDefaultsExtensions.swift */; };
		E4AD73FC24596AA500D72D72 /* NSAttributedStringExtensions.swift in Sources */ = {isa = PBXBuildFile; fileRef = E4AD73F224596AA500D72D72 /* NSAttributedStringExtensions.swift */; };
		E4AD73FD24596AA500D72D72 /* DateExtensions.swift in Sources */ = {isa = PBXBuildFile; fileRef = E4AD73F324596AA500D72D72 /* DateExtensions.swift */; };
		E4AD73FE24596AA500D72D72 /* CalendarExtensions.swift in Sources */ = {isa = PBXBuildFile; fileRef = E4AD73F424596AA500D72D72 /* CalendarExtensions.swift */; };
		E4AD73FF24596AA500D72D72 /* FileManagerExtensions.swift in Sources */ = {isa = PBXBuildFile; fileRef = E4AD73F524596AA500D72D72 /* FileManagerExtensions.swift */; };
		E4AD740624596AD400D72D72 /* CGPointExtensions.swift in Sources */ = {isa = PBXBuildFile; fileRef = E4AD740124596AD400D72D72 /* CGPointExtensions.swift */; };
		E4AD740724596AD400D72D72 /* CGColorExtensions.swift in Sources */ = {isa = PBXBuildFile; fileRef = E4AD740224596AD400D72D72 /* CGColorExtensions.swift */; };
		E4AD740824596AD400D72D72 /* CGSizeExtensions.swift in Sources */ = {isa = PBXBuildFile; fileRef = E4AD740324596AD400D72D72 /* CGSizeExtensions.swift */; };
		E4AD740924596AD400D72D72 /* CGFloatExtensions.swift in Sources */ = {isa = PBXBuildFile; fileRef = E4AD740424596AD400D72D72 /* CGFloatExtensions.swift */; };
		E4AD740A24596AD400D72D72 /* CGVectorExtensions.swift in Sources */ = {isa = PBXBuildFile; fileRef = E4AD740524596AD400D72D72 /* CGVectorExtensions.swift */; };
		E4AD740D24596AED00D72D72 /* CLLocationExtensions.swift in Sources */ = {isa = PBXBuildFile; fileRef = E4AD740C24596AED00D72D72 /* CLLocationExtensions.swift */; };
		E4AD741024596B2800D72D72 /* SpeedySwift.swift in Sources */ = {isa = PBXBuildFile; fileRef = E4AD740F24596B2800D72D72 /* SpeedySwift.swift */; };
		E4AD741224596D1000D72D72 /* ColorExtensions.swift in Sources */ = {isa = PBXBuildFile; fileRef = E4AD741124596D1000D72D72 /* ColorExtensions.swift */; };
		E4AD741424596D4E00D72D72 /* SpeedySwift+Hint.swift in Sources */ = {isa = PBXBuildFile; fileRef = E4AD741324596D4E00D72D72 /* SpeedySwift+Hint.swift */; };
		E4AD741724596EFE00D72D72 /* HintView.swift in Sources */ = {isa = PBXBuildFile; fileRef = E4AD741624596EFE00D72D72 /* HintView.swift */; };
		E4AD741924596F1500D72D72 /* HintView.xib in Resources */ = {isa = PBXBuildFile; fileRef = E4AD741824596F1500D72D72 /* HintView.xib */; };
		E4AD741B2459739800D72D72 /* SpeedySwift+Animation.swift in Sources */ = {isa = PBXBuildFile; fileRef = E4AD741A2459739800D72D72 /* SpeedySwift+Animation.swift */; };
		E4AD741E24598BB200D72D72 /* SpeedySwift+Feedback.swift in Sources */ = {isa = PBXBuildFile; fileRef = E4AD741D24598BB200D72D72 /* SpeedySwift+Feedback.swift */; };
		E4AD742124598C0300D72D72 /* SpeedyTapticEngine.swift in Sources */ = {isa = PBXBuildFile; fileRef = E4AD742024598C0300D72D72 /* SpeedyTapticEngine.swift */; };
		E4AD742324598CDA00D72D72 /* SpeedySwift+Cache.swift in Sources */ = {isa = PBXBuildFile; fileRef = E4AD742224598CDA00D72D72 /* SpeedySwift+Cache.swift */; };
		E4AD742524598D7D00D72D72 /* SpeedySandBox.swift in Sources */ = {isa = PBXBuildFile; fileRef = E4AD742424598D7D00D72D72 /* SpeedySandBox.swift */; };
		E4AD74272459925100D72D72 /* SpeedySwift+Log.swift in Sources */ = {isa = PBXBuildFile; fileRef = E4AD74262459925100D72D72 /* SpeedySwift+Log.swift */; };
		E4EEDE25245FECD6004E3FF0 /* Motion.swift in Sources */ = {isa = PBXBuildFile; fileRef = E4EEDE16245FECD6004E3FF0 /* Motion.swift */; };
		E4EEDE26245FECD6004E3FF0 /* Location.swift in Sources */ = {isa = PBXBuildFile; fileRef = E4EEDE17245FECD6004E3FF0 /* Location.swift */; };
		E4EEDE27245FECD6004E3FF0 /* SpeechRecognizer.swift in Sources */ = {isa = PBXBuildFile; fileRef = E4EEDE18245FECD6004E3FF0 /* SpeechRecognizer.swift */; };
		E4EEDE28245FECD6004E3FF0 /* Siri.swift in Sources */ = {isa = PBXBuildFile; fileRef = E4EEDE19245FECD6004E3FF0 /* Siri.swift */; };
		E4EEDE29245FECD6004E3FF0 /* Photos.swift in Sources */ = {isa = PBXBuildFile; fileRef = E4EEDE1A245FECD6004E3FF0 /* Photos.swift */; };
		E4EEDE2A245FECD6004E3FF0 /* Contacts.swift in Sources */ = {isa = PBXBuildFile; fileRef = E4EEDE1B245FECD6004E3FF0 /* Contacts.swift */; };
		E4EEDE2B245FECD6004E3FF0 /* Bluetooth.swift in Sources */ = {isa = PBXBuildFile; fileRef = E4EEDE1C245FECD6004E3FF0 /* Bluetooth.swift */; };
		E4EEDE2C245FECD6004E3FF0 /* Notifications.swift in Sources */ = {isa = PBXBuildFile; fileRef = E4EEDE1D245FECD6004E3FF0 /* Notifications.swift */; };
		E4EEDE2D245FECD6004E3FF0 /* Microphone.swift in Sources */ = {isa = PBXBuildFile; fileRef = E4EEDE1E245FECD6004E3FF0 /* Microphone.swift */; };
		E4EEDE2E245FECD6004E3FF0 /* Events.swift in Sources */ = {isa = PBXBuildFile; fileRef = E4EEDE1F245FECD6004E3FF0 /* Events.swift */; };
		E4EEDE2F245FECD6004E3FF0 /* LocationWhenInUse.swift in Sources */ = {isa = PBXBuildFile; fileRef = E4EEDE20245FECD6004E3FF0 /* LocationWhenInUse.swift */; };
		E4EEDE30245FECD6004E3FF0 /* LocationAlways.swift in Sources */ = {isa = PBXBuildFile; fileRef = E4EEDE21245FECD6004E3FF0 /* LocationAlways.swift */; };
		E4EEDE31245FECD6004E3FF0 /* Camera.swift in Sources */ = {isa = PBXBuildFile; fileRef = E4EEDE22245FECD6004E3FF0 /* Camera.swift */; };
		E4EEDE32245FECD6004E3FF0 /* Reminders.swift in Sources */ = {isa = PBXBuildFile; fileRef = E4EEDE23245FECD6004E3FF0 /* Reminders.swift */; };
		E4EEDE33245FECD6004E3FF0 /* MediaLibrary.swift in Sources */ = {isa = PBXBuildFile; fileRef = E4EEDE24245FECD6004E3FF0 /* MediaLibrary.swift */; };
		E4EEDE3A245FECE3004E3FF0 /* PermissionSet.swift in Sources */ = {isa = PBXBuildFile; fileRef = E4EEDE34245FECE2004E3FF0 /* PermissionSet.swift */; };
		E4EEDE3B245FECE3004E3FF0 /* PermissionAlert.swift in Sources */ = {isa = PBXBuildFile; fileRef = E4EEDE35245FECE2004E3FF0 /* PermissionAlert.swift */; };
		E4EEDE3C245FECE3004E3FF0 /* Permission.swift in Sources */ = {isa = PBXBuildFile; fileRef = E4EEDE36245FECE2004E3FF0 /* Permission.swift */; };
		E4EEDE3D245FECE3004E3FF0 /* PermissionType.swift in Sources */ = {isa = PBXBuildFile; fileRef = E4EEDE37245FECE2004E3FF0 /* PermissionType.swift */; };
		E4EEDE3E245FECE3004E3FF0 /* PermissionStatus.swift in Sources */ = {isa = PBXBuildFile; fileRef = E4EEDE38245FECE3004E3FF0 /* PermissionStatus.swift */; };
		E4EEDE3F245FECE3004E3FF0 /* PermissionButton.swift in Sources */ = {isa = PBXBuildFile; fileRef = E4EEDE39245FECE3004E3FF0 /* PermissionButton.swift */; };
		E4EEDE41245FED22004E3FF0 /* Utilities.swift in Sources */ = {isa = PBXBuildFile; fileRef = E4EEDE40245FED22004E3FF0 /* Utilities.swift */; };
		E4EEDE43245FEDEB004E3FF0 /* UIControlExtension.swift in Sources */ = {isa = PBXBuildFile; fileRef = E4EEDE42245FEDEB004E3FF0 /* UIControlExtension.swift */; };
		E4EEDE47245FEE9C004E3FF0 /* SpeedySwift+Permission.swift in Sources */ = {isa = PBXBuildFile; fileRef = E4EEDE46245FEE9C004E3FF0 /* SpeedySwift+Permission.swift */; };
		E4EEDE49245FF5C5004E3FF0 /* SpeedySwift+Jump.swift in Sources */ = {isa = PBXBuildFile; fileRef = E4EEDE48245FF5C5004E3FF0 /* SpeedySwift+Jump.swift */; };
		E4EEDE4C245FF650004E3FF0 /* SpeedyJump.swift in Sources */ = {isa = PBXBuildFile; fileRef = E4EEDE4B245FF650004E3FF0 /* SpeedyJump.swift */; };
/* End PBXBuildFile section */

/* Begin PBXContainerItemProxy section */
		E4AD73742459696000D72D72 /* PBXContainerItemProxy */ = {
			isa = PBXContainerItemProxy;
			containerPortal = E4AD73602459696000D72D72 /* Project object */;
			proxyType = 1;
			remoteGlobalIDString = E4AD73682459696000D72D72;
			remoteInfo = SpeedySwift;
		};
/* End PBXContainerItemProxy section */

/* Begin PBXFileReference section */
		E4AD73692459696000D72D72 /* SpeedySwift.framework */ = {isa = PBXFileReference; explicitFileType = wrapper.framework; includeInIndex = 0; path = SpeedySwift.framework; sourceTree = BUILT_PRODUCTS_DIR; };
		E4AD736C2459696000D72D72 /* SpeedySwift.h */ = {isa = PBXFileReference; lastKnownFileType = sourcecode.c.h; path = SpeedySwift.h; sourceTree = "<group>"; };
		E4AD736D2459696000D72D72 /* Info.plist */ = {isa = PBXFileReference; lastKnownFileType = text.plist.xml; path = Info.plist; sourceTree = "<group>"; };
		E4AD73722459696000D72D72 /* SpeedySwiftTests.xctest */ = {isa = PBXFileReference; explicitFileType = wrapper.cfbundle; includeInIndex = 0; path = SpeedySwiftTests.xctest; sourceTree = BUILT_PRODUCTS_DIR; };
		E4AD73772459696000D72D72 /* SpeedySwiftTests.swift */ = {isa = PBXFileReference; lastKnownFileType = sourcecode.swift; path = SpeedySwiftTests.swift; sourceTree = "<group>"; };
		E4AD73792459696000D72D72 /* Info.plist */ = {isa = PBXFileReference; lastKnownFileType = text.plist.xml; path = Info.plist; sourceTree = "<group>"; };
		E4AD738824596A8900D72D72 /* SignedNumericExtensions.swift */ = {isa = PBXFileReference; fileEncoding = 4; lastKnownFileType = sourcecode.swift; path = SignedNumericExtensions.swift; sourceTree = "<group>"; };
		E4AD738924596A8900D72D72 /* DoubleExtensions.swift */ = {isa = PBXFileReference; fileEncoding = 4; lastKnownFileType = sourcecode.swift; path = DoubleExtensions.swift; sourceTree = "<group>"; };
		E4AD738A24596A8900D72D72 /* CollectionExtensions.swift */ = {isa = PBXFileReference; fileEncoding = 4; lastKnownFileType = sourcecode.swift; path = CollectionExtensions.swift; sourceTree = "<group>"; };
		E4AD738B24596A8900D72D72 /* BidirectionalCollectionExtensions.swift */ = {isa = PBXFileReference; fileEncoding = 4; lastKnownFileType = sourcecode.swift; path = BidirectionalCollectionExtensions.swift; sourceTree = "<group>"; };
		E4AD738C24596A8900D72D72 /* FloatingPointExtensions.swift */ = {isa = PBXFileReference; fileEncoding = 4; lastKnownFileType = sourcecode.swift; path = FloatingPointExtensions.swift; sourceTree = "<group>"; };
		E4AD738D24596A8900D72D72 /* SignedIntegerExtensions.swift */ = {isa = PBXFileReference; fileEncoding = 4; lastKnownFileType = sourcecode.swift; path = SignedIntegerExtensions.swift; sourceTree = "<group>"; };
		E4AD738E24596A8900D72D72 /* DictionaryExtensions.swift */ = {isa = PBXFileReference; fileEncoding = 4; lastKnownFileType = sourcecode.swift; path = DictionaryExtensions.swift; sourceTree = "<group>"; };
		E4AD738F24596A8A00D72D72 /* RandomAccessCollectionExtensions.swift */ = {isa = PBXFileReference; fileEncoding = 4; lastKnownFileType = sourcecode.swift; path = RandomAccessCollectionExtensions.swift; sourceTree = "<group>"; };
		E4AD739024596A8A00D72D72 /* CharacterExtensions.swift */ = {isa = PBXFileReference; fileEncoding = 4; lastKnownFileType = sourcecode.swift; path = CharacterExtensions.swift; sourceTree = "<group>"; };
		E4AD739124596A8A00D72D72 /* BoolExtensions.swift */ = {isa = PBXFileReference; fileEncoding = 4; lastKnownFileType = sourcecode.swift; path = BoolExtensions.swift; sourceTree = "<group>"; };
		E4AD739224596A8A00D72D72 /* BinaryFloatingPointExtensions.swift */ = {isa = PBXFileReference; fileEncoding = 4; lastKnownFileType = sourcecode.swift; path = BinaryFloatingPointExtensions.swift; sourceTree = "<group>"; };
		E4AD739324596A8A00D72D72 /* ComparableExtensions.swift */ = {isa = PBXFileReference; fileEncoding = 4; lastKnownFileType = sourcecode.swift; path = ComparableExtensions.swift; sourceTree = "<group>"; };
		E4AD739424596A8A00D72D72 /* SequenceExtensions.swift */ = {isa = PBXFileReference; fileEncoding = 4; lastKnownFileType = sourcecode.swift; path = SequenceExtensions.swift; sourceTree = "<group>"; };
		E4AD739524596A8A00D72D72 /* StringProtocolExtensions.swift */ = {isa = PBXFileReference; fileEncoding = 4; lastKnownFileType = sourcecode.swift; path = StringProtocolExtensions.swift; sourceTree = "<group>"; };
		E4AD739624596A8A00D72D72 /* ArrayExtensions.swift */ = {isa = PBXFileReference; fileEncoding = 4; lastKnownFileType = sourcecode.swift; path = ArrayExtensions.swift; sourceTree = "<group>"; };
		E4AD739724596A8A00D72D72 /* FloatExtensions.swift */ = {isa = PBXFileReference; fileEncoding = 4; lastKnownFileType = sourcecode.swift; path = FloatExtensions.swift; sourceTree = "<group>"; };
		E4AD739824596A8A00D72D72 /* RangeReplaceableCollectionExtensions.swift */ = {isa = PBXFileReference; fileEncoding = 4; lastKnownFileType = sourcecode.swift; path = RangeReplaceableCollectionExtensions.swift; sourceTree = "<group>"; };
		E4AD739924596A8A00D72D72 /* IntExtensions.swift */ = {isa = PBXFileReference; fileEncoding = 4; lastKnownFileType = sourcecode.swift; path = IntExtensions.swift; sourceTree = "<group>"; };
		E4AD739A24596A8A00D72D72 /* OptionalExtensions.swift */ = {isa = PBXFileReference; fileEncoding = 4; lastKnownFileType = sourcecode.swift; path = OptionalExtensions.swift; sourceTree = "<group>"; };
		E4AD739B24596A8B00D72D72 /* StringExtensions.swift */ = {isa = PBXFileReference; fileEncoding = 4; lastKnownFileType = sourcecode.swift; path = StringExtensions.swift; sourceTree = "<group>"; };
		E4AD73B024596A9700D72D72 /* UIImageViewExtensions.swift */ = {isa = PBXFileReference; fileEncoding = 4; lastKnownFileType = sourcecode.swift; path = UIImageViewExtensions.swift; sourceTree = "<group>"; };
		E4AD73B124596A9700D72D72 /* UITextFieldExtensions.swift */ = {isa = PBXFileReference; fileEncoding = 4; lastKnownFileType = sourcecode.swift; path = UITextFieldExtensions.swift; sourceTree = "<group>"; };
		E4AD73B224596A9700D72D72 /* UISegmentedControlExtensions.swift */ = {isa = PBXFileReference; fileEncoding = 4; lastKnownFileType = sourcecode.swift; path = UISegmentedControlExtensions.swift; sourceTree = "<group>"; };
		E4AD73B324596A9700D72D72 /* UIBarButtonItemExtensions.swift */ = {isa = PBXFileReference; fileEncoding = 4; lastKnownFileType = sourcecode.swift; path = UIBarButtonItemExtensions.swift; sourceTree = "<group>"; };
		E4AD73B424596A9700D72D72 /* UISliderExtensions.swift */ = {isa = PBXFileReference; fileEncoding = 4; lastKnownFileType = sourcecode.swift; path = UISliderExtensions.swift; sourceTree = "<group>"; };
		E4AD73B524596A9700D72D72 /* UIRefreshControlExtensions.swift */ = {isa = PBXFileReference; fileEncoding = 4; lastKnownFileType = sourcecode.swift; path = UIRefreshControlExtensions.swift; sourceTree = "<group>"; };
		E4AD73B624596A9700D72D72 /* UINavigationItemExtensions.swift */ = {isa = PBXFileReference; fileEncoding = 4; lastKnownFileType = sourcecode.swift; path = UINavigationItemExtensions.swift; sourceTree = "<group>"; };
		E4AD73B724596A9700D72D72 /* UIEdgeInsetsExtensions.swift */ = {isa = PBXFileReference; fileEncoding = 4; lastKnownFileType = sourcecode.swift; path = UIEdgeInsetsExtensions.swift; sourceTree = "<group>"; };
		E4AD73B824596A9700D72D72 /* UILayoutPriorityExtensions.swift */ = {isa = PBXFileReference; fileEncoding = 4; lastKnownFileType = sourcecode.swift; path = UILayoutPriorityExtensions.swift; sourceTree = "<group>"; };
		E4AD73B924596A9700D72D72 /* UINavigationControllerExtensions.swift */ = {isa = PBXFileReference; fileEncoding = 4; lastKnownFileType = sourcecode.swift; path = UINavigationControllerExtensions.swift; sourceTree = "<group>"; };
		E4AD73BA24596A9700D72D72 /* UIButtonExtensions.swift */ = {isa = PBXFileReference; fileEncoding = 4; lastKnownFileType = sourcecode.swift; path = UIButtonExtensions.swift; sourceTree = "<group>"; };
		E4AD73BB24596A9700D72D72 /* UITableViewExtensions.swift */ = {isa = PBXFileReference; fileEncoding = 4; lastKnownFileType = sourcecode.swift; path = UITableViewExtensions.swift; sourceTree = "<group>"; };
		E4AD73BC24596A9700D72D72 /* UIViewControllerExtensions.swift */ = {isa = PBXFileReference; fileEncoding = 4; lastKnownFileType = sourcecode.swift; path = UIViewControllerExtensions.swift; sourceTree = "<group>"; };
		E4AD73BD24596A9700D72D72 /* UISwitchExtensions.swift */ = {isa = PBXFileReference; fileEncoding = 4; lastKnownFileType = sourcecode.swift; path = UISwitchExtensions.swift; sourceTree = "<group>"; };
		E4AD73BE24596A9800D72D72 /* UILabelExtensions.swift */ = {isa = PBXFileReference; fileEncoding = 4; lastKnownFileType = sourcecode.swift; path = UILabelExtensions.swift; sourceTree = "<group>"; };
		E4AD73BF24596A9800D72D72 /* UIGestureRecognizerExtensions.swift */ = {isa = PBXFileReference; fileEncoding = 4; lastKnownFileType = sourcecode.swift; path = UIGestureRecognizerExtensions.swift; sourceTree = "<group>"; };
		E4AD73C024596A9800D72D72 /* UIStoryboardExtensions.swift */ = {isa = PBXFileReference; fileEncoding = 4; lastKnownFileType = sourcecode.swift; path = UIStoryboardExtensions.swift; sourceTree = "<group>"; };
		E4AD73C124596A9800D72D72 /* UIFontExtensions.swift */ = {isa = PBXFileReference; fileEncoding = 4; lastKnownFileType = sourcecode.swift; path = UIFontExtensions.swift; sourceTree = "<group>"; };
		E4AD73C224596A9800D72D72 /* UITextViewExtensions.swift */ = {isa = PBXFileReference; fileEncoding = 4; lastKnownFileType = sourcecode.swift; path = UITextViewExtensions.swift; sourceTree = "<group>"; };
		E4AD73C324596A9800D72D72 /* UISearchBarExtensions.swift */ = {isa = PBXFileReference; fileEncoding = 4; lastKnownFileType = sourcecode.swift; path = UISearchBarExtensions.swift; sourceTree = "<group>"; };
		E4AD73C424596A9800D72D72 /* UIImageExtensions.swift */ = {isa = PBXFileReference; fileEncoding = 4; lastKnownFileType = sourcecode.swift; path = UIImageExtensions.swift; sourceTree = "<group>"; };
		E4AD73C524596A9800D72D72 /* UIScrollViewExtensions.swift */ = {isa = PBXFileReference; fileEncoding = 4; lastKnownFileType = sourcecode.swift; path = UIScrollViewExtensions.swift; sourceTree = "<group>"; };
		E4AD73C624596A9800D72D72 /* UIAlertControllerExtensions.swift */ = {isa = PBXFileReference; fileEncoding = 4; lastKnownFileType = sourcecode.swift; path = UIAlertControllerExtensions.swift; sourceTree = "<group>"; };
		E4AD73C724596A9800D72D72 /* UICollectionViewExtensions.swift */ = {isa = PBXFileReference; fileEncoding = 4; lastKnownFileType = sourcecode.swift; path = UICollectionViewExtensions.swift; sourceTree = "<group>"; };
		E4AD73C824596A9800D72D72 /* UIWindowExtensions.swift */ = {isa = PBXFileReference; fileEncoding = 4; lastKnownFileType = sourcecode.swift; path = UIWindowExtensions.swift; sourceTree = "<group>"; };
		E4AD73C924596A9800D72D72 /* UITabBarExtensions.swift */ = {isa = PBXFileReference; fileEncoding = 4; lastKnownFileType = sourcecode.swift; path = UITabBarExtensions.swift; sourceTree = "<group>"; };
		E4AD73CA24596A9800D72D72 /* UIStackViewExtensions.swift */ = {isa = PBXFileReference; fileEncoding = 4; lastKnownFileType = sourcecode.swift; path = UIStackViewExtensions.swift; sourceTree = "<group>"; };
		E4AD73CB24596A9800D72D72 /* UIViewExtensions.swift */ = {isa = PBXFileReference; fileEncoding = 4; lastKnownFileType = sourcecode.swift; path = UIViewExtensions.swift; sourceTree = "<group>"; };
		E4AD73CC24596A9800D72D72 /* UIDatePickerExtensions.swift */ = {isa = PBXFileReference; fileEncoding = 4; lastKnownFileType = sourcecode.swift; path = UIDatePickerExtensions.swift; sourceTree = "<group>"; };
		E4AD73CD24596A9900D72D72 /* UINavigationBarExtensions.swift */ = {isa = PBXFileReference; fileEncoding = 4; lastKnownFileType = sourcecode.swift; path = UINavigationBarExtensions.swift; sourceTree = "<group>"; };
		E4AD73EC24596AA500D72D72 /* LocaleExtensions.swift */ = {isa = PBXFileReference; fileEncoding = 4; lastKnownFileType = sourcecode.swift; path = LocaleExtensions.swift; sourceTree = "<group>"; };
		E4AD73ED24596AA500D72D72 /* DataExtensions.swift */ = {isa = PBXFileReference; fileEncoding = 4; lastKnownFileType = sourcecode.swift; path = DataExtensions.swift; sourceTree = "<group>"; };
		E4AD73EE24596AA500D72D72 /* URLRequestExtensions.swift */ = {isa = PBXFileReference; fileEncoding = 4; lastKnownFileType = sourcecode.swift; path = URLRequestExtensions.swift; sourceTree = "<group>"; };
		E4AD73EF24596AA500D72D72 /* NSPredicateExtensions.swift */ = {isa = PBXFileReference; fileEncoding = 4; lastKnownFileType = sourcecode.swift; path = NSPredicateExtensions.swift; sourceTree = "<group>"; };
		E4AD73F024596AA500D72D72 /* URLExtensions.swift */ = {isa = PBXFileReference; fileEncoding = 4; lastKnownFileType = sourcecode.swift; path = URLExtensions.swift; sourceTree = "<group>"; };
		E4AD73F124596AA500D72D72 /* UserDefaultsExtensions.swift */ = {isa = PBXFileReference; fileEncoding = 4; lastKnownFileType = sourcecode.swift; path = UserDefaultsExtensions.swift; sourceTree = "<group>"; };
		E4AD73F224596AA500D72D72 /* NSAttributedStringExtensions.swift */ = {isa = PBXFileReference; fileEncoding = 4; lastKnownFileType = sourcecode.swift; path = NSAttributedStringExtensions.swift; sourceTree = "<group>"; };
		E4AD73F324596AA500D72D72 /* DateExtensions.swift */ = {isa = PBXFileReference; fileEncoding = 4; lastKnownFileType = sourcecode.swift; path = DateExtensions.swift; sourceTree = "<group>"; };
		E4AD73F424596AA500D72D72 /* CalendarExtensions.swift */ = {isa = PBXFileReference; fileEncoding = 4; lastKnownFileType = sourcecode.swift; path = CalendarExtensions.swift; sourceTree = "<group>"; };
		E4AD73F524596AA500D72D72 /* FileManagerExtensions.swift */ = {isa = PBXFileReference; fileEncoding = 4; lastKnownFileType = sourcecode.swift; path = FileManagerExtensions.swift; sourceTree = "<group>"; };
		E4AD740124596AD400D72D72 /* CGPointExtensions.swift */ = {isa = PBXFileReference; fileEncoding = 4; lastKnownFileType = sourcecode.swift; path = CGPointExtensions.swift; sourceTree = "<group>"; };
		E4AD740224596AD400D72D72 /* CGColorExtensions.swift */ = {isa = PBXFileReference; fileEncoding = 4; lastKnownFileType = sourcecode.swift; path = CGColorExtensions.swift; sourceTree = "<group>"; };
		E4AD740324596AD400D72D72 /* CGSizeExtensions.swift */ = {isa = PBXFileReference; fileEncoding = 4; lastKnownFileType = sourcecode.swift; path = CGSizeExtensions.swift; sourceTree = "<group>"; };
		E4AD740424596AD400D72D72 /* CGFloatExtensions.swift */ = {isa = PBXFileReference; fileEncoding = 4; lastKnownFileType = sourcecode.swift; path = CGFloatExtensions.swift; sourceTree = "<group>"; };
		E4AD740524596AD400D72D72 /* CGVectorExtensions.swift */ = {isa = PBXFileReference; fileEncoding = 4; lastKnownFileType = sourcecode.swift; path = CGVectorExtensions.swift; sourceTree = "<group>"; };
		E4AD740C24596AED00D72D72 /* CLLocationExtensions.swift */ = {isa = PBXFileReference; fileEncoding = 4; lastKnownFileType = sourcecode.swift; path = CLLocationExtensions.swift; sourceTree = "<group>"; };
		E4AD740F24596B2800D72D72 /* SpeedySwift.swift */ = {isa = PBXFileReference; lastKnownFileType = sourcecode.swift; path = SpeedySwift.swift; sourceTree = "<group>"; };
		E4AD741124596D1000D72D72 /* ColorExtensions.swift */ = {isa = PBXFileReference; fileEncoding = 4; lastKnownFileType = sourcecode.swift; path = ColorExtensions.swift; sourceTree = "<group>"; };
		E4AD741324596D4E00D72D72 /* SpeedySwift+Hint.swift */ = {isa = PBXFileReference; lastKnownFileType = sourcecode.swift; path = "SpeedySwift+Hint.swift"; sourceTree = "<group>"; };
		E4AD741624596EFE00D72D72 /* HintView.swift */ = {isa = PBXFileReference; lastKnownFileType = sourcecode.swift; path = HintView.swift; sourceTree = "<group>"; };
		E4AD741824596F1500D72D72 /* HintView.xib */ = {isa = PBXFileReference; lastKnownFileType = file.xib; path = HintView.xib; sourceTree = "<group>"; };
		E4AD741A2459739800D72D72 /* SpeedySwift+Animation.swift */ = {isa = PBXFileReference; lastKnownFileType = sourcecode.swift; path = "SpeedySwift+Animation.swift"; sourceTree = "<group>"; };
		E4AD741D24598BB200D72D72 /* SpeedySwift+Feedback.swift */ = {isa = PBXFileReference; lastKnownFileType = sourcecode.swift; path = "SpeedySwift+Feedback.swift"; sourceTree = "<group>"; };
		E4AD742024598C0300D72D72 /* SpeedyTapticEngine.swift */ = {isa = PBXFileReference; lastKnownFileType = sourcecode.swift; path = SpeedyTapticEngine.swift; sourceTree = "<group>"; };
		E4AD742224598CDA00D72D72 /* SpeedySwift+Cache.swift */ = {isa = PBXFileReference; lastKnownFileType = sourcecode.swift; path = "SpeedySwift+Cache.swift"; sourceTree = "<group>"; };
		E4AD742424598D7D00D72D72 /* SpeedySandBox.swift */ = {isa = PBXFileReference; lastKnownFileType = sourcecode.swift; path = SpeedySandBox.swift; sourceTree = "<group>"; };
		E4AD74262459925100D72D72 /* SpeedySwift+Log.swift */ = {isa = PBXFileReference; lastKnownFileType = sourcecode.swift; path = "SpeedySwift+Log.swift"; sourceTree = "<group>"; };
		E4EEDE16245FECD6004E3FF0 /* Motion.swift */ = {isa = PBXFileReference; fileEncoding = 4; lastKnownFileType = sourcecode.swift; path = Motion.swift; sourceTree = "<group>"; };
		E4EEDE17245FECD6004E3FF0 /* Location.swift */ = {isa = PBXFileReference; fileEncoding = 4; lastKnownFileType = sourcecode.swift; path = Location.swift; sourceTree = "<group>"; };
		E4EEDE18245FECD6004E3FF0 /* SpeechRecognizer.swift */ = {isa = PBXFileReference; fileEncoding = 4; lastKnownFileType = sourcecode.swift; path = SpeechRecognizer.swift; sourceTree = "<group>"; };
		E4EEDE19245FECD6004E3FF0 /* Siri.swift */ = {isa = PBXFileReference; fileEncoding = 4; lastKnownFileType = sourcecode.swift; path = Siri.swift; sourceTree = "<group>"; };
		E4EEDE1A245FECD6004E3FF0 /* Photos.swift */ = {isa = PBXFileReference; fileEncoding = 4; lastKnownFileType = sourcecode.swift; path = Photos.swift; sourceTree = "<group>"; };
		E4EEDE1B245FECD6004E3FF0 /* Contacts.swift */ = {isa = PBXFileReference; fileEncoding = 4; lastKnownFileType = sourcecode.swift; path = Contacts.swift; sourceTree = "<group>"; };
		E4EEDE1C245FECD6004E3FF0 /* Bluetooth.swift */ = {isa = PBXFileReference; fileEncoding = 4; lastKnownFileType = sourcecode.swift; path = Bluetooth.swift; sourceTree = "<group>"; };
		E4EEDE1D245FECD6004E3FF0 /* Notifications.swift */ = {isa = PBXFileReference; fileEncoding = 4; lastKnownFileType = sourcecode.swift; path = Notifications.swift; sourceTree = "<group>"; };
		E4EEDE1E245FECD6004E3FF0 /* Microphone.swift */ = {isa = PBXFileReference; fileEncoding = 4; lastKnownFileType = sourcecode.swift; path = Microphone.swift; sourceTree = "<group>"; };
		E4EEDE1F245FECD6004E3FF0 /* Events.swift */ = {isa = PBXFileReference; fileEncoding = 4; lastKnownFileType = sourcecode.swift; path = Events.swift; sourceTree = "<group>"; };
		E4EEDE20245FECD6004E3FF0 /* LocationWhenInUse.swift */ = {isa = PBXFileReference; fileEncoding = 4; lastKnownFileType = sourcecode.swift; path = LocationWhenInUse.swift; sourceTree = "<group>"; };
		E4EEDE21245FECD6004E3FF0 /* LocationAlways.swift */ = {isa = PBXFileReference; fileEncoding = 4; lastKnownFileType = sourcecode.swift; path = LocationAlways.swift; sourceTree = "<group>"; };
		E4EEDE22245FECD6004E3FF0 /* Camera.swift */ = {isa = PBXFileReference; fileEncoding = 4; lastKnownFileType = sourcecode.swift; path = Camera.swift; sourceTree = "<group>"; };
		E4EEDE23245FECD6004E3FF0 /* Reminders.swift */ = {isa = PBXFileReference; fileEncoding = 4; lastKnownFileType = sourcecode.swift; path = Reminders.swift; sourceTree = "<group>"; };
		E4EEDE24245FECD6004E3FF0 /* MediaLibrary.swift */ = {isa = PBXFileReference; fileEncoding = 4; lastKnownFileType = sourcecode.swift; path = MediaLibrary.swift; sourceTree = "<group>"; };
		E4EEDE34245FECE2004E3FF0 /* PermissionSet.swift */ = {isa = PBXFileReference; fileEncoding = 4; lastKnownFileType = sourcecode.swift; path = PermissionSet.swift; sourceTree = "<group>"; };
		E4EEDE35245FECE2004E3FF0 /* PermissionAlert.swift */ = {isa = PBXFileReference; fileEncoding = 4; lastKnownFileType = sourcecode.swift; path = PermissionAlert.swift; sourceTree = "<group>"; };
		E4EEDE36245FECE2004E3FF0 /* Permission.swift */ = {isa = PBXFileReference; fileEncoding = 4; lastKnownFileType = sourcecode.swift; path = Permission.swift; sourceTree = "<group>"; };
		E4EEDE37245FECE2004E3FF0 /* PermissionType.swift */ = {isa = PBXFileReference; fileEncoding = 4; lastKnownFileType = sourcecode.swift; path = PermissionType.swift; sourceTree = "<group>"; };
		E4EEDE38245FECE3004E3FF0 /* PermissionStatus.swift */ = {isa = PBXFileReference; fileEncoding = 4; lastKnownFileType = sourcecode.swift; path = PermissionStatus.swift; sourceTree = "<group>"; };
		E4EEDE39245FECE3004E3FF0 /* PermissionButton.swift */ = {isa = PBXFileReference; fileEncoding = 4; lastKnownFileType = sourcecode.swift; path = PermissionButton.swift; sourceTree = "<group>"; };
		E4EEDE40245FED22004E3FF0 /* Utilities.swift */ = {isa = PBXFileReference; fileEncoding = 4; lastKnownFileType = sourcecode.swift; path = Utilities.swift; sourceTree = "<group>"; };
		E4EEDE42245FEDEB004E3FF0 /* UIControlExtension.swift */ = {isa = PBXFileReference; lastKnownFileType = sourcecode.swift; path = UIControlExtension.swift; sourceTree = "<group>"; };
		E4EEDE46245FEE9C004E3FF0 /* SpeedySwift+Permission.swift */ = {isa = PBXFileReference; lastKnownFileType = sourcecode.swift; path = "SpeedySwift+Permission.swift"; sourceTree = "<group>"; };
		E4EEDE48245FF5C5004E3FF0 /* SpeedySwift+Jump.swift */ = {isa = PBXFileReference; lastKnownFileType = sourcecode.swift; path = "SpeedySwift+Jump.swift"; sourceTree = "<group>"; };
		E4EEDE4B245FF650004E3FF0 /* SpeedyJump.swift */ = {isa = PBXFileReference; lastKnownFileType = sourcecode.swift; path = SpeedyJump.swift; sourceTree = "<group>"; };
/* End PBXFileReference section */

/* Begin PBXFrameworksBuildPhase section */
		E4AD73662459696000D72D72 /* Frameworks */ = {
			isa = PBXFrameworksBuildPhase;
			buildActionMask = 2147483647;
			files = (
			);
			runOnlyForDeploymentPostprocessing = 0;
		};
		E4AD736F2459696000D72D72 /* Frameworks */ = {
			isa = PBXFrameworksBuildPhase;
			buildActionMask = 2147483647;
			files = (
				E4AD73732459696000D72D72 /* SpeedySwift.framework in Frameworks */,
			);
			runOnlyForDeploymentPostprocessing = 0;
		};
/* End PBXFrameworksBuildPhase section */

/* Begin PBXGroup section */
		E4AD735F2459696000D72D72 = {
			isa = PBXGroup;
			children = (
				E4AD736B2459696000D72D72 /* Sources */,
				E4AD73762459696000D72D72 /* SpeedySwiftTests */,
				E4AD736A2459696000D72D72 /* Products */,
			);
			sourceTree = "<group>";
		};
		E4AD736A2459696000D72D72 /* Products */ = {
			isa = PBXGroup;
			children = (
				E4AD73692459696000D72D72 /* SpeedySwift.framework */,
				E4AD73722459696000D72D72 /* SpeedySwiftTests.xctest */,
			);
			name = Products;
			sourceTree = "<group>";
		};
		E4AD736B2459696000D72D72 /* Sources */ = {
			isa = PBXGroup;
			children = (
				E4AD740E24596B1000D72D72 /* SpeedySwift */,
				E4AD7383245969A100D72D72 /* Extension */,
				E4AD736C2459696000D72D72 /* SpeedySwift.h */,
				E4AD736D2459696000D72D72 /* Info.plist */,
			);
			path = Sources;
			sourceTree = "<group>";
		};
		E4AD73762459696000D72D72 /* SpeedySwiftTests */ = {
			isa = PBXGroup;
			children = (
				E4AD73772459696000D72D72 /* SpeedySwiftTests.swift */,
				E4AD73792459696000D72D72 /* Info.plist */,
			);
			path = SpeedySwiftTests;
			sourceTree = "<group>";
		};
		E4AD7383245969A100D72D72 /* Extension */ = {
			isa = PBXGroup;
			children = (
				E4AD741124596D1000D72D72 /* ColorExtensions.swift */,
				E4AD740024596ABC00D72D72 /* CoreGraphics */,
				E4AD740B24596AD900D72D72 /* CoreLocation */,
				E4AD7384245969BD00D72D72 /* Foundation */,
				E4AD7386245969CD00D72D72 /* SwiftStdlib */,
				E4AD7385245969C600D72D72 /* UIKit */,
			);
			path = Extension;
			sourceTree = "<group>";
		};
		E4AD7384245969BD00D72D72 /* Foundation */ = {
			isa = PBXGroup;
			children = (
				E4AD73F424596AA500D72D72 /* CalendarExtensions.swift */,
				E4AD73ED24596AA500D72D72 /* DataExtensions.swift */,
				E4AD73F324596AA500D72D72 /* DateExtensions.swift */,
				E4AD73F524596AA500D72D72 /* FileManagerExtensions.swift */,
				E4AD73EC24596AA500D72D72 /* LocaleExtensions.swift */,
				E4AD73F224596AA500D72D72 /* NSAttributedStringExtensions.swift */,
				E4AD73EF24596AA500D72D72 /* NSPredicateExtensions.swift */,
				E4AD73F024596AA500D72D72 /* URLExtensions.swift */,
				E4AD73EE24596AA500D72D72 /* URLRequestExtensions.swift */,
				E4AD73F124596AA500D72D72 /* UserDefaultsExtensions.swift */,
			);
			path = Foundation;
			sourceTree = "<group>";
		};
		E4AD7385245969C600D72D72 /* UIKit */ = {
			isa = PBXGroup;
			children = (
				E4AD73C624596A9800D72D72 /* UIAlertControllerExtensions.swift */,
				E4AD73B324596A9700D72D72 /* UIBarButtonItemExtensions.swift */,
				E4AD73BA24596A9700D72D72 /* UIButtonExtensions.swift */,
				E4AD73C724596A9800D72D72 /* UICollectionViewExtensions.swift */,
				E4AD73CC24596A9800D72D72 /* UIDatePickerExtensions.swift */,
				E4AD73B724596A9700D72D72 /* UIEdgeInsetsExtensions.swift */,
				E4AD73C124596A9800D72D72 /* UIFontExtensions.swift */,
				E4AD73BF24596A9800D72D72 /* UIGestureRecognizerExtensions.swift */,
				E4AD73C424596A9800D72D72 /* UIImageExtensions.swift */,
				E4AD73B024596A9700D72D72 /* UIImageViewExtensions.swift */,
				E4AD73BE24596A9800D72D72 /* UILabelExtensions.swift */,
				E4AD73B824596A9700D72D72 /* UILayoutPriorityExtensions.swift */,
				E4AD73CD24596A9900D72D72 /* UINavigationBarExtensions.swift */,
				E4AD73B924596A9700D72D72 /* UINavigationControllerExtensions.swift */,
				E4AD73B624596A9700D72D72 /* UINavigationItemExtensions.swift */,
				E4AD73B524596A9700D72D72 /* UIRefreshControlExtensions.swift */,
				E4AD73C524596A9800D72D72 /* UIScrollViewExtensions.swift */,
				E4AD73C324596A9800D72D72 /* UISearchBarExtensions.swift */,
				E4AD73B224596A9700D72D72 /* UISegmentedControlExtensions.swift */,
				E4AD73B424596A9700D72D72 /* UISliderExtensions.swift */,
				E4AD73CA24596A9800D72D72 /* UIStackViewExtensions.swift */,
				E4AD73C024596A9800D72D72 /* UIStoryboardExtensions.swift */,
				E4AD73BD24596A9700D72D72 /* UISwitchExtensions.swift */,
				E4AD73C924596A9800D72D72 /* UITabBarExtensions.swift */,
				E4AD73BB24596A9700D72D72 /* UITableViewExtensions.swift */,
				E4AD73B124596A9700D72D72 /* UITextFieldExtensions.swift */,
				E4AD73C224596A9800D72D72 /* UITextViewExtensions.swift */,
				E4AD73BC24596A9700D72D72 /* UIViewControllerExtensions.swift */,
				E4AD73CB24596A9800D72D72 /* UIViewExtensions.swift */,
				E4AD73C824596A9800D72D72 /* UIWindowExtensions.swift */,
				E4EEDE42245FEDEB004E3FF0 /* UIControlExtension.swift */,
			);
			path = UIKit;
			sourceTree = "<group>";
		};
		E4AD7386245969CD00D72D72 /* SwiftStdlib */ = {
			isa = PBXGroup;
			children = (
				E4AD739624596A8A00D72D72 /* ArrayExtensions.swift */,
				E4AD738B24596A8900D72D72 /* BidirectionalCollectionExtensions.swift */,
				E4AD739224596A8A00D72D72 /* BinaryFloatingPointExtensions.swift */,
				E4AD739124596A8A00D72D72 /* BoolExtensions.swift */,
				E4AD739024596A8A00D72D72 /* CharacterExtensions.swift */,
				E4AD738A24596A8900D72D72 /* CollectionExtensions.swift */,
				E4AD739324596A8A00D72D72 /* ComparableExtensions.swift */,
				E4AD738E24596A8900D72D72 /* DictionaryExtensions.swift */,
				E4AD738924596A8900D72D72 /* DoubleExtensions.swift */,
				E4AD739724596A8A00D72D72 /* FloatExtensions.swift */,
				E4AD738C24596A8900D72D72 /* FloatingPointExtensions.swift */,
				E4AD739924596A8A00D72D72 /* IntExtensions.swift */,
				E4AD739A24596A8A00D72D72 /* OptionalExtensions.swift */,
				E4AD738F24596A8A00D72D72 /* RandomAccessCollectionExtensions.swift */,
				E4AD739824596A8A00D72D72 /* RangeReplaceableCollectionExtensions.swift */,
				E4AD739424596A8A00D72D72 /* SequenceExtensions.swift */,
				E4AD738D24596A8900D72D72 /* SignedIntegerExtensions.swift */,
				E4AD738824596A8900D72D72 /* SignedNumericExtensions.swift */,
				E4AD739B24596A8B00D72D72 /* StringExtensions.swift */,
				E4AD739524596A8A00D72D72 /* StringProtocolExtensions.swift */,
			);
			path = SwiftStdlib;
			sourceTree = "<group>";
		};
		E4AD740024596ABC00D72D72 /* CoreGraphics */ = {
			isa = PBXGroup;
			children = (
				E4AD740224596AD400D72D72 /* CGColorExtensions.swift */,
				E4AD740424596AD400D72D72 /* CGFloatExtensions.swift */,
				E4AD740124596AD400D72D72 /* CGPointExtensions.swift */,
				E4AD740324596AD400D72D72 /* CGSizeExtensions.swift */,
				E4AD740524596AD400D72D72 /* CGVectorExtensions.swift */,
			);
			path = CoreGraphics;
			sourceTree = "<group>";
		};
		E4AD740B24596AD900D72D72 /* CoreLocation */ = {
			isa = PBXGroup;
			children = (
				E4AD740C24596AED00D72D72 /* CLLocationExtensions.swift */,
			);
			path = CoreLocation;
			sourceTree = "<group>";
		};
		E4AD740E24596B1000D72D72 /* SpeedySwift */ = {
			isa = PBXGroup;
			children = (
				E4AD740F24596B2800D72D72 /* SpeedySwift.swift */,
				E4AD741A2459739800D72D72 /* SpeedySwift+Animation.swift */,
				E4AD741324596D4E00D72D72 /* SpeedySwift+Hint.swift */,
				E4AD741D24598BB200D72D72 /* SpeedySwift+Feedback.swift */,
				E4AD742224598CDA00D72D72 /* SpeedySwift+Cache.swift */,
				E4AD74262459925100D72D72 /* SpeedySwift+Log.swift */,
				E4EEDE46245FEE9C004E3FF0 /* SpeedySwift+Permission.swift */,
				E4EEDE48245FF5C5004E3FF0 /* SpeedySwift+Jump.swift */,
				E4AD741524596EE700D72D72 /* SpeedyViews */,
				E4AD741F24598BCC00D72D72 /* SpeedyVendor */,
			);
			path = SpeedySwift;
			sourceTree = "<group>";
		};
		E4AD741524596EE700D72D72 /* SpeedyViews */ = {
			isa = PBXGroup;
			children = (
				E4AD741C245977D600D72D72 /* Hint */,
			);
			path = SpeedyViews;
			sourceTree = "<group>";
		};
		E4AD741C245977D600D72D72 /* Hint */ = {
			isa = PBXGroup;
			children = (
				E4AD741624596EFE00D72D72 /* HintView.swift */,
				E4AD741824596F1500D72D72 /* HintView.xib */,
			);
			path = Hint;
			sourceTree = "<group>";
		};
		E4AD741F24598BCC00D72D72 /* SpeedyVendor */ = {
			isa = PBXGroup;
			children = (
				E4EEDE4A245FF63A004E3FF0 /* Jump */,
				E4EEDE14245FECC4004E3FF0 /* Permission */,
				E4AD742024598C0300D72D72 /* SpeedyTapticEngine.swift */,
				E4AD742424598D7D00D72D72 /* SpeedySandBox.swift */,
			);
			path = SpeedyVendor;
			sourceTree = "<group>";
		};
		E4EEDE14245FECC4004E3FF0 /* Permission */ = {
			isa = PBXGroup;
			children = (
				E4EEDE40245FED22004E3FF0 /* Utilities.swift */,
				E4EEDE36245FECE2004E3FF0 /* Permission.swift */,
				E4EEDE35245FECE2004E3FF0 /* PermissionAlert.swift */,
				E4EEDE39245FECE3004E3FF0 /* PermissionButton.swift */,
				E4EEDE34245FECE2004E3FF0 /* PermissionSet.swift */,
				E4EEDE38245FECE3004E3FF0 /* PermissionStatus.swift */,
				E4EEDE37245FECE2004E3FF0 /* PermissionType.swift */,
				E4EEDE15245FECD6004E3FF0 /* Types */,
			);
			path = Permission;
			sourceTree = "<group>";
		};
		E4EEDE15245FECD6004E3FF0 /* Types */ = {
			isa = PBXGroup;
			children = (
				E4EEDE16245FECD6004E3FF0 /* Motion.swift */,
				E4EEDE17245FECD6004E3FF0 /* Location.swift */,
				E4EEDE18245FECD6004E3FF0 /* SpeechRecognizer.swift */,
				E4EEDE19245FECD6004E3FF0 /* Siri.swift */,
				E4EEDE1A245FECD6004E3FF0 /* Photos.swift */,
				E4EEDE1B245FECD6004E3FF0 /* Contacts.swift */,
				E4EEDE1C245FECD6004E3FF0 /* Bluetooth.swift */,
				E4EEDE1D245FECD6004E3FF0 /* Notifications.swift */,
				E4EEDE1E245FECD6004E3FF0 /* Microphone.swift */,
				E4EEDE1F245FECD6004E3FF0 /* Events.swift */,
				E4EEDE20245FECD6004E3FF0 /* LocationWhenInUse.swift */,
				E4EEDE21245FECD6004E3FF0 /* LocationAlways.swift */,
				E4EEDE22245FECD6004E3FF0 /* Camera.swift */,
				E4EEDE23245FECD6004E3FF0 /* Reminders.swift */,
				E4EEDE24245FECD6004E3FF0 /* MediaLibrary.swift */,
			);
			path = Types;
			sourceTree = "<group>";
		};
		E4EEDE4A245FF63A004E3FF0 /* Jump */ = {
			isa = PBXGroup;
			children = (
				E4EEDE4B245FF650004E3FF0 /* SpeedyJump.swift */,
			);
			path = Jump;
			sourceTree = "<group>";
		};
/* End PBXGroup section */

/* Begin PBXHeadersBuildPhase section */
		E4AD73642459696000D72D72 /* Headers */ = {
			isa = PBXHeadersBuildPhase;
			buildActionMask = 2147483647;
			files = (
				E4AD737A2459696000D72D72 /* SpeedySwift.h in Headers */,
			);
			runOnlyForDeploymentPostprocessing = 0;
		};
/* End PBXHeadersBuildPhase section */

/* Begin PBXNativeTarget section */
		E4AD73682459696000D72D72 /* SpeedySwift */ = {
			isa = PBXNativeTarget;
			buildConfigurationList = E4AD737D2459696000D72D72 /* Build configuration list for PBXNativeTarget "SpeedySwift" */;
			buildPhases = (
				E4AD73642459696000D72D72 /* Headers */,
				E4AD73652459696000D72D72 /* Sources */,
				E4AD73662459696000D72D72 /* Frameworks */,
				E4AD73672459696000D72D72 /* Resources */,
			);
			buildRules = (
			);
			dependencies = (
			);
			name = SpeedySwift;
			productName = SpeedySwift;
			productReference = E4AD73692459696000D72D72 /* SpeedySwift.framework */;
			productType = "com.apple.product-type.framework";
		};
		E4AD73712459696000D72D72 /* SpeedySwiftTests */ = {
			isa = PBXNativeTarget;
			buildConfigurationList = E4AD73802459696000D72D72 /* Build configuration list for PBXNativeTarget "SpeedySwiftTests" */;
			buildPhases = (
				E4AD736E2459696000D72D72 /* Sources */,
				E4AD736F2459696000D72D72 /* Frameworks */,
				E4AD73702459696000D72D72 /* Resources */,
			);
			buildRules = (
			);
			dependencies = (
				E4AD73752459696000D72D72 /* PBXTargetDependency */,
			);
			name = SpeedySwiftTests;
			productName = SpeedySwiftTests;
			productReference = E4AD73722459696000D72D72 /* SpeedySwiftTests.xctest */;
			productType = "com.apple.product-type.bundle.unit-test";
		};
/* End PBXNativeTarget section */

/* Begin PBXProject section */
		E4AD73602459696000D72D72 /* Project object */ = {
			isa = PBXProject;
			attributes = {
				LastSwiftUpdateCheck = 1140;
				LastUpgradeCheck = 1140;
				ORGANIZATIONNAME = "Quinn Von";
				TargetAttributes = {
					E4AD73682459696000D72D72 = {
						CreatedOnToolsVersion = 11.4;
						LastSwiftMigration = 1140;
					};
					E4AD73712459696000D72D72 = {
						CreatedOnToolsVersion = 11.4;
					};
				};
			};
			buildConfigurationList = E4AD73632459696000D72D72 /* Build configuration list for PBXProject "SpeedySwift" */;
			compatibilityVersion = "Xcode 9.3";
			developmentRegion = en;
			hasScannedForEncodings = 0;
			knownRegions = (
				en,
				Base,
			);
			mainGroup = E4AD735F2459696000D72D72;
			productRefGroup = E4AD736A2459696000D72D72 /* Products */;
			projectDirPath = "";
			projectRoot = "";
			targets = (
				E4AD73682459696000D72D72 /* SpeedySwift */,
				E4AD73712459696000D72D72 /* SpeedySwiftTests */,
			);
		};
/* End PBXProject section */

/* Begin PBXResourcesBuildPhase section */
		E4AD73672459696000D72D72 /* Resources */ = {
			isa = PBXResourcesBuildPhase;
			buildActionMask = 2147483647;
			files = (
				E4AD741924596F1500D72D72 /* HintView.xib in Resources */,
			);
			runOnlyForDeploymentPostprocessing = 0;
		};
		E4AD73702459696000D72D72 /* Resources */ = {
			isa = PBXResourcesBuildPhase;
			buildActionMask = 2147483647;
			files = (
			);
			runOnlyForDeploymentPostprocessing = 0;
		};
/* End PBXResourcesBuildPhase section */

/* Begin PBXSourcesBuildPhase section */
		E4AD73652459696000D72D72 /* Sources */ = {
			isa = PBXSourcesBuildPhase;
			buildActionMask = 2147483647;
			files = (
				E4AD73A924596A8B00D72D72 /* StringProtocolExtensions.swift in Sources */,
				E4AD73DA24596A9900D72D72 /* UIViewControllerExtensions.swift in Sources */,
				E4AD73AA24596A8B00D72D72 /* ArrayExtensions.swift in Sources */,
				E4AD73A324596A8B00D72D72 /* RandomAccessCollectionExtensions.swift in Sources */,
				E4EEDE2E245FECD6004E3FF0 /* Events.swift in Sources */,
				E4AD73CF24596A9900D72D72 /* UITextFieldExtensions.swift in Sources */,
				E4AD73E324596A9900D72D72 /* UIScrollViewExtensions.swift in Sources */,
				E4AD73D524596A9900D72D72 /* UIEdgeInsetsExtensions.swift in Sources */,
				E4EEDE3C245FECE3004E3FF0 /* Permission.swift in Sources */,
				E4AD739D24596A8B00D72D72 /* DoubleExtensions.swift in Sources */,
				E4EEDE47245FEE9C004E3FF0 /* SpeedySwift+Permission.swift in Sources */,
				E4AD742124598C0300D72D72 /* SpeedyTapticEngine.swift in Sources */,
				E4EEDE27245FECD6004E3FF0 /* SpeechRecognizer.swift in Sources */,
				E4AD73F924596AA500D72D72 /* NSPredicateExtensions.swift in Sources */,
				E4AD73A224596A8B00D72D72 /* DictionaryExtensions.swift in Sources */,
				E4EEDE28245FECD6004E3FF0 /* Siri.swift in Sources */,
				E4AD73D924596A9900D72D72 /* UITableViewExtensions.swift in Sources */,
				E4EEDE43245FEDEB004E3FF0 /* UIControlExtension.swift in Sources */,
				E4AD741724596EFE00D72D72 /* HintView.swift in Sources */,
				E4AD73E924596A9900D72D72 /* UIViewExtensions.swift in Sources */,
				E4AD73EB24596A9900D72D72 /* UINavigationBarExtensions.swift in Sources */,
				E4AD741B2459739800D72D72 /* SpeedySwift+Animation.swift in Sources */,
				E4AD740D24596AED00D72D72 /* CLLocationExtensions.swift in Sources */,
				E4AD740724596AD400D72D72 /* CGColorExtensions.swift in Sources */,
				E4AD73A024596A8B00D72D72 /* FloatingPointExtensions.swift in Sources */,
				E4AD73EA24596A9900D72D72 /* UIDatePickerExtensions.swift in Sources */,
				E4AD73E224596A9900D72D72 /* UIImageExtensions.swift in Sources */,
				E4AD740A24596AD400D72D72 /* CGVectorExtensions.swift in Sources */,
				E4AD73E524596A9900D72D72 /* UICollectionViewExtensions.swift in Sources */,
				E4AD73AB24596A8B00D72D72 /* FloatExtensions.swift in Sources */,
				E4EEDE3A245FECE3004E3FF0 /* PermissionSet.swift in Sources */,
				E4AD73CE24596A9900D72D72 /* UIImageViewExtensions.swift in Sources */,
				E4AD73E824596A9900D72D72 /* UIStackViewExtensions.swift in Sources */,
				E4EEDE25245FECD6004E3FF0 /* Motion.swift in Sources */,
				E4EEDE49245FF5C5004E3FF0 /* SpeedySwift+Jump.swift in Sources */,
				E4AD73D624596A9900D72D72 /* UILayoutPriorityExtensions.swift in Sources */,
				E4EEDE3D245FECE3004E3FF0 /* PermissionType.swift in Sources */,
				E4AD73A824596A8B00D72D72 /* SequenceExtensions.swift in Sources */,
				E4AD739E24596A8B00D72D72 /* CollectionExtensions.swift in Sources */,
				E4AD73FC24596AA500D72D72 /* NSAttributedStringExtensions.swift in Sources */,
				E4AD73FE24596AA500D72D72 /* CalendarExtensions.swift in Sources */,
				E4AD73AD24596A8B00D72D72 /* IntExtensions.swift in Sources */,
				E4EEDE31245FECD6004E3FF0 /* Camera.swift in Sources */,
				E4AD73DF24596A9900D72D72 /* UIFontExtensions.swift in Sources */,
				E4EEDE2C245FECD6004E3FF0 /* Notifications.swift in Sources */,
				E4EEDE2B245FECD6004E3FF0 /* Bluetooth.swift in Sources */,
				E4AD73A424596A8B00D72D72 /* CharacterExtensions.swift in Sources */,
				E4EEDE41245FED22004E3FF0 /* Utilities.swift in Sources */,
				E4AD73D024596A9900D72D72 /* UISegmentedControlExtensions.swift in Sources */,
				E4AD73AC24596A8B00D72D72 /* RangeReplaceableCollectionExtensions.swift in Sources */,
				E4AD73E724596A9900D72D72 /* UITabBarExtensions.swift in Sources */,
				E4AD73E024596A9900D72D72 /* UITextViewExtensions.swift in Sources */,
				E4EEDE3B245FECE3004E3FF0 /* PermissionAlert.swift in Sources */,
				E4AD73DD24596A9900D72D72 /* UIGestureRecognizerExtensions.swift in Sources */,
				E4AD741424596D4E00D72D72 /* SpeedySwift+Hint.swift in Sources */,
				E4AD742324598CDA00D72D72 /* SpeedySwift+Cache.swift in Sources */,
				E4AD740924596AD400D72D72 /* CGFloatExtensions.swift in Sources */,
				E4AD740824596AD400D72D72 /* CGSizeExtensions.swift in Sources */,
				E4AD73E424596A9900D72D72 /* UIAlertControllerExtensions.swift in Sources */,
				E4AD73D424596A9900D72D72 /* UINavigationItemExtensions.swift in Sources */,
				E4AD741024596B2800D72D72 /* SpeedySwift.swift in Sources */,
				E4AD73AF24596A8B00D72D72 /* StringExtensions.swift in Sources */,
				E4AD742524598D7D00D72D72 /* SpeedySandBox.swift in Sources */,
				E4AD73DB24596A9900D72D72 /* UISwitchExtensions.swift in Sources */,
				E4AD73D124596A9900D72D72 /* UIBarButtonItemExtensions.swift in Sources */,
				E4AD739C24596A8B00D72D72 /* SignedNumericExtensions.swift in Sources */,
				E4EEDE3E245FECE3004E3FF0 /* PermissionStatus.swift in Sources */,
				E4EEDE30245FECD6004E3FF0 /* LocationAlways.swift in Sources */,
				E4EEDE29245FECD6004E3FF0 /* Photos.swift in Sources */,
				E4AD73D324596A9900D72D72 /* UIRefreshControlExtensions.swift in Sources */,
				E4AD73E624596A9900D72D72 /* UIWindowExtensions.swift in Sources */,
				E4AD73A524596A8B00D72D72 /* BoolExtensions.swift in Sources */,
				E4AD73AE24596A8B00D72D72 /* OptionalExtensions.swift in Sources */,
				E4EEDE2F245FECD6004E3FF0 /* LocationWhenInUse.swift in Sources */,
				E4AD73A124596A8B00D72D72 /* SignedIntegerExtensions.swift in Sources */,
				E4AD73D724596A9900D72D72 /* UINavigationControllerExtensions.swift in Sources */,
				E4EEDE26245FECD6004E3FF0 /* Location.swift in Sources */,
				E4AD73DE24596A9900D72D72 /* UIStoryboardExtensions.swift in Sources */,
				E4EEDE3F245FECE3004E3FF0 /* PermissionButton.swift in Sources */,
				E4AD739F24596A8B00D72D72 /* BidirectionalCollectionExtensions.swift in Sources */,
				E4AD73D224596A9900D72D72 /* UISliderExtensions.swift in Sources */,
				E4AD73FB24596AA500D72D72 /* UserDefaultsExtensions.swift in Sources */,
				E4AD73F624596AA500D72D72 /* LocaleExtensions.swift in Sources */,
				E4EEDE4C245FF650004E3FF0 /* SpeedyJump.swift in Sources */,
				E4AD73A624596A8B00D72D72 /* BinaryFloatingPointExtensions.swift in Sources */,
				E4AD740624596AD400D72D72 /* CGPointExtensions.swift in Sources */,
				E4EEDE32245FECD6004E3FF0 /* Reminders.swift in Sources */,
				E4AD74272459925100D72D72 /* SpeedySwift+Log.swift in Sources */,
				E4EEDE2D245FECD6004E3FF0 /* Microphone.swift in Sources */,
				E4EEDE2A245FECD6004E3FF0 /* Contacts.swift in Sources */,
				E4AD73DC24596A9900D72D72 /* UILabelExtensions.swift in Sources */,
				E4AD73FD24596AA500D72D72 /* DateExtensions.swift in Sources */,
				E4AD73FF24596AA500D72D72 /* FileManagerExtensions.swift in Sources */,
				E4AD73D824596A9900D72D72 /* UIButtonExtensions.swift in Sources */,
				E4AD73F724596AA500D72D72 /* DataExtensions.swift in Sources */,
				E4EEDE33245FECD6004E3FF0 /* MediaLibrary.swift in Sources */,
				E4AD73A724596A8B00D72D72 /* ComparableExtensions.swift in Sources */,
				E4AD73FA24596AA500D72D72 /* URLExtensions.swift in Sources */,
				E4AD741E24598BB200D72D72 /* SpeedySwift+Feedback.swift in Sources */,
				E4AD73E124596A9900D72D72 /* UISearchBarExtensions.swift in Sources */,
				E4AD73F824596AA500D72D72 /* URLRequestExtensions.swift in Sources */,
				E4AD741224596D1000D72D72 /* ColorExtensions.swift in Sources */,
			);
			runOnlyForDeploymentPostprocessing = 0;
		};
		E4AD736E2459696000D72D72 /* Sources */ = {
			isa = PBXSourcesBuildPhase;
			buildActionMask = 2147483647;
			files = (
				E4AD73782459696000D72D72 /* SpeedySwiftTests.swift in Sources */,
			);
			runOnlyForDeploymentPostprocessing = 0;
		};
/* End PBXSourcesBuildPhase section */

/* Begin PBXTargetDependency section */
		E4AD73752459696000D72D72 /* PBXTargetDependency */ = {
			isa = PBXTargetDependency;
			target = E4AD73682459696000D72D72 /* SpeedySwift */;
			targetProxy = E4AD73742459696000D72D72 /* PBXContainerItemProxy */;
		};
/* End PBXTargetDependency section */

/* Begin XCBuildConfiguration section */
		E4AD737B2459696000D72D72 /* Debug */ = {
			isa = XCBuildConfiguration;
			buildSettings = {
				ALWAYS_SEARCH_USER_PATHS = NO;
				CLANG_ANALYZER_NONNULL = YES;
				CLANG_ANALYZER_NUMBER_OBJECT_CONVERSION = YES_AGGRESSIVE;
				CLANG_CXX_LANGUAGE_STANDARD = "gnu++14";
				CLANG_CXX_LIBRARY = "libc++";
				CLANG_ENABLE_MODULES = YES;
				CLANG_ENABLE_OBJC_ARC = YES;
				CLANG_ENABLE_OBJC_WEAK = YES;
				CLANG_WARN_BLOCK_CAPTURE_AUTORELEASING = YES;
				CLANG_WARN_BOOL_CONVERSION = YES;
				CLANG_WARN_COMMA = YES;
				CLANG_WARN_CONSTANT_CONVERSION = YES;
				CLANG_WARN_DEPRECATED_OBJC_IMPLEMENTATIONS = YES;
				CLANG_WARN_DIRECT_OBJC_ISA_USAGE = YES_ERROR;
				CLANG_WARN_DOCUMENTATION_COMMENTS = YES;
				CLANG_WARN_EMPTY_BODY = YES;
				CLANG_WARN_ENUM_CONVERSION = YES;
				CLANG_WARN_INFINITE_RECURSION = YES;
				CLANG_WARN_INT_CONVERSION = YES;
				CLANG_WARN_NON_LITERAL_NULL_CONVERSION = YES;
				CLANG_WARN_OBJC_IMPLICIT_RETAIN_SELF = YES;
				CLANG_WARN_OBJC_LITERAL_CONVERSION = YES;
				CLANG_WARN_OBJC_ROOT_CLASS = YES_ERROR;
				CLANG_WARN_RANGE_LOOP_ANALYSIS = YES;
				CLANG_WARN_STRICT_PROTOTYPES = YES;
				CLANG_WARN_SUSPICIOUS_MOVE = YES;
				CLANG_WARN_UNGUARDED_AVAILABILITY = YES_AGGRESSIVE;
				CLANG_WARN_UNREACHABLE_CODE = YES;
				CLANG_WARN__DUPLICATE_METHOD_MATCH = YES;
				COPY_PHASE_STRIP = NO;
				CURRENT_PROJECT_VERSION = 1;
				DEBUG_INFORMATION_FORMAT = dwarf;
				ENABLE_STRICT_OBJC_MSGSEND = YES;
				ENABLE_TESTABILITY = YES;
				GCC_C_LANGUAGE_STANDARD = gnu11;
				GCC_DYNAMIC_NO_PIC = NO;
				GCC_NO_COMMON_BLOCKS = YES;
				GCC_OPTIMIZATION_LEVEL = 0;
				GCC_PREPROCESSOR_DEFINITIONS = (
					"DEBUG=1",
					"$(inherited)",
				);
				GCC_WARN_64_TO_32_BIT_CONVERSION = YES;
				GCC_WARN_ABOUT_RETURN_TYPE = YES_ERROR;
				GCC_WARN_UNDECLARED_SELECTOR = YES;
				GCC_WARN_UNINITIALIZED_AUTOS = YES_AGGRESSIVE;
				GCC_WARN_UNUSED_FUNCTION = YES;
				GCC_WARN_UNUSED_VARIABLE = YES;
				IPHONEOS_DEPLOYMENT_TARGET = 13.4;
				MTL_ENABLE_DEBUG_INFO = INCLUDE_SOURCE;
				MTL_FAST_MATH = YES;
				ONLY_ACTIVE_ARCH = YES;
				SDKROOT = iphoneos;
				SWIFT_ACTIVE_COMPILATION_CONDITIONS = DEBUG;
				SWIFT_OPTIMIZATION_LEVEL = "-Onone";
				VERSIONING_SYSTEM = "apple-generic";
				VERSION_INFO_PREFIX = "";
			};
			name = Debug;
		};
		E4AD737C2459696000D72D72 /* Release */ = {
			isa = XCBuildConfiguration;
			buildSettings = {
				ALWAYS_SEARCH_USER_PATHS = NO;
				CLANG_ANALYZER_NONNULL = YES;
				CLANG_ANALYZER_NUMBER_OBJECT_CONVERSION = YES_AGGRESSIVE;
				CLANG_CXX_LANGUAGE_STANDARD = "gnu++14";
				CLANG_CXX_LIBRARY = "libc++";
				CLANG_ENABLE_MODULES = YES;
				CLANG_ENABLE_OBJC_ARC = YES;
				CLANG_ENABLE_OBJC_WEAK = YES;
				CLANG_WARN_BLOCK_CAPTURE_AUTORELEASING = YES;
				CLANG_WARN_BOOL_CONVERSION = YES;
				CLANG_WARN_COMMA = YES;
				CLANG_WARN_CONSTANT_CONVERSION = YES;
				CLANG_WARN_DEPRECATED_OBJC_IMPLEMENTATIONS = YES;
				CLANG_WARN_DIRECT_OBJC_ISA_USAGE = YES_ERROR;
				CLANG_WARN_DOCUMENTATION_COMMENTS = YES;
				CLANG_WARN_EMPTY_BODY = YES;
				CLANG_WARN_ENUM_CONVERSION = YES;
				CLANG_WARN_INFINITE_RECURSION = YES;
				CLANG_WARN_INT_CONVERSION = YES;
				CLANG_WARN_NON_LITERAL_NULL_CONVERSION = YES;
				CLANG_WARN_OBJC_IMPLICIT_RETAIN_SELF = YES;
				CLANG_WARN_OBJC_LITERAL_CONVERSION = YES;
				CLANG_WARN_OBJC_ROOT_CLASS = YES_ERROR;
				CLANG_WARN_RANGE_LOOP_ANALYSIS = YES;
				CLANG_WARN_STRICT_PROTOTYPES = YES;
				CLANG_WARN_SUSPICIOUS_MOVE = YES;
				CLANG_WARN_UNGUARDED_AVAILABILITY = YES_AGGRESSIVE;
				CLANG_WARN_UNREACHABLE_CODE = YES;
				CLANG_WARN__DUPLICATE_METHOD_MATCH = YES;
				COPY_PHASE_STRIP = NO;
				CURRENT_PROJECT_VERSION = 1;
				DEBUG_INFORMATION_FORMAT = "dwarf-with-dsym";
				ENABLE_NS_ASSERTIONS = NO;
				ENABLE_STRICT_OBJC_MSGSEND = YES;
				GCC_C_LANGUAGE_STANDARD = gnu11;
				GCC_NO_COMMON_BLOCKS = YES;
				GCC_WARN_64_TO_32_BIT_CONVERSION = YES;
				GCC_WARN_ABOUT_RETURN_TYPE = YES_ERROR;
				GCC_WARN_UNDECLARED_SELECTOR = YES;
				GCC_WARN_UNINITIALIZED_AUTOS = YES_AGGRESSIVE;
				GCC_WARN_UNUSED_FUNCTION = YES;
				GCC_WARN_UNUSED_VARIABLE = YES;
				IPHONEOS_DEPLOYMENT_TARGET = 13.4;
				MTL_ENABLE_DEBUG_INFO = NO;
				MTL_FAST_MATH = YES;
				SDKROOT = iphoneos;
				SWIFT_COMPILATION_MODE = wholemodule;
				SWIFT_OPTIMIZATION_LEVEL = "-O";
				VALIDATE_PRODUCT = YES;
				VERSIONING_SYSTEM = "apple-generic";
				VERSION_INFO_PREFIX = "";
			};
			name = Release;
		};
		E4AD737E2459696000D72D72 /* Debug */ = {
			isa = XCBuildConfiguration;
			buildSettings = {
				CLANG_ENABLE_MODULES = YES;
				CODE_SIGN_STYLE = Automatic;
				DEFINES_MODULE = YES;
				DEVELOPMENT_TEAM = V95KM6E24P;
				DYLIB_COMPATIBILITY_VERSION = 1;
				DYLIB_CURRENT_VERSION = 1;
				DYLIB_INSTALL_NAME_BASE = "@rpath";
				INFOPLIST_FILE = Sources/Info.plist;
				INSTALL_PATH = "$(LOCAL_LIBRARY_DIR)/Frameworks";
				LD_RUNPATH_SEARCH_PATHS = (
					"$(inherited)",
					"@executable_path/Frameworks",
					"@loader_path/Frameworks",
				);
				PRODUCT_BUNDLE_IDENTIFIER = top.tlien.SpeedySwift;
				PRODUCT_NAME = "$(TARGET_NAME:c99extidentifier)";
				SKIP_INSTALL = YES;
				SWIFT_OPTIMIZATION_LEVEL = "-Onone";
				SWIFT_VERSION = 5.0;
				TARGETED_DEVICE_FAMILY = "1,2";
			};
			name = Debug;
		};
		E4AD737F2459696000D72D72 /* Release */ = {
			isa = XCBuildConfiguration;
			buildSettings = {
				CLANG_ENABLE_MODULES = YES;
				CODE_SIGN_STYLE = Automatic;
				DEFINES_MODULE = YES;
				DEVELOPMENT_TEAM = V95KM6E24P;
				DYLIB_COMPATIBILITY_VERSION = 1;
				DYLIB_CURRENT_VERSION = 1;
				DYLIB_INSTALL_NAME_BASE = "@rpath";
				INFOPLIST_FILE = Sources/Info.plist;
				INSTALL_PATH = "$(LOCAL_LIBRARY_DIR)/Frameworks";
				LD_RUNPATH_SEARCH_PATHS = (
					"$(inherited)",
					"@executable_path/Frameworks",
					"@loader_path/Frameworks",
				);
				PRODUCT_BUNDLE_IDENTIFIER = top.tlien.SpeedySwift;
				PRODUCT_NAME = "$(TARGET_NAME:c99extidentifier)";
				SKIP_INSTALL = YES;
				SWIFT_VERSION = 5.0;
				TARGETED_DEVICE_FAMILY = "1,2";
			};
			name = Release;
		};
		E4AD73812459696000D72D72 /* Debug */ = {
			isa = XCBuildConfiguration;
			buildSettings = {
				ALWAYS_EMBED_SWIFT_STANDARD_LIBRARIES = YES;
				CODE_SIGN_STYLE = Automatic;
				DEVELOPMENT_TEAM = V95KM6E24P;
				INFOPLIST_FILE = SpeedySwiftTests/Info.plist;
				LD_RUNPATH_SEARCH_PATHS = (
					"$(inherited)",
					"@executable_path/Frameworks",
					"@loader_path/Frameworks",
				);
				PRODUCT_BUNDLE_IDENTIFIER = top.tlien.SpeedySwiftTests;
				PRODUCT_NAME = "$(TARGET_NAME)";
				SWIFT_VERSION = 5.0;
				TARGETED_DEVICE_FAMILY = "1,2";
			};
			name = Debug;
		};
		E4AD73822459696000D72D72 /* Release */ = {
			isa = XCBuildConfiguration;
			buildSettings = {
				ALWAYS_EMBED_SWIFT_STANDARD_LIBRARIES = YES;
				CODE_SIGN_STYLE = Automatic;
				DEVELOPMENT_TEAM = V95KM6E24P;
				INFOPLIST_FILE = SpeedySwiftTests/Info.plist;
				LD_RUNPATH_SEARCH_PATHS = (
					"$(inherited)",
					"@executable_path/Frameworks",
					"@loader_path/Frameworks",
				);
				PRODUCT_BUNDLE_IDENTIFIER = top.tlien.SpeedySwiftTests;
				PRODUCT_NAME = "$(TARGET_NAME)";
				SWIFT_VERSION = 5.0;
				TARGETED_DEVICE_FAMILY = "1,2";
			};
			name = Release;
		};
/* End XCBuildConfiguration section */

/* Begin XCConfigurationList section */
		E4AD73632459696000D72D72 /* Build configuration list for PBXProject "SpeedySwift" */ = {
			isa = XCConfigurationList;
			buildConfigurations = (
				E4AD737B2459696000D72D72 /* Debug */,
				E4AD737C2459696000D72D72 /* Release */,
			);
			defaultConfigurationIsVisible = 0;
			defaultConfigurationName = Release;
		};
		E4AD737D2459696000D72D72 /* Build configuration list for PBXNativeTarget "SpeedySwift" */ = {
			isa = XCConfigurationList;
			buildConfigurations = (
				E4AD737E2459696000D72D72 /* Debug */,
				E4AD737F2459696000D72D72 /* Release */,
			);
			defaultConfigurationIsVisible = 0;
			defaultConfigurationName = Release;
		};
		E4AD73802459696000D72D72 /* Build configuration list for PBXNativeTarget "SpeedySwiftTests" */ = {
			isa = XCConfigurationList;
			buildConfigurations = (
				E4AD73812459696000D72D72 /* Debug */,
				E4AD73822459696000D72D72 /* Release */,
			);
			defaultConfigurationIsVisible = 0;
			defaultConfigurationName = Release;
		};
/* End XCConfigurationList section */
	};
	rootObject = E4AD73602459696000D72D72 /* Project object */;
}
